
Microsoft Visual Studio Solution File, Format Version 12.00
# Visual Studio Version 16
VisualStudioVersion = 16.0.29306.81
MinimumVisualStudioVersion = 10.0.40219.1
Project("{FAE04EC0-301F-11D3-BF4B-00C04F79EFBC}") = "BatteryChecker", "BatteryChecker\BatteryChecker.csproj", "{C73DB43B-CA45-4A4C-B195-A1F415F2AF12}"
EndProject
Project("{8BC9CEB8-8B4A-11D0-8D11-00A0C91BC942}") = "BatteryInfo_Win32", "BatteryInfo_Win32\BatteryInfo_Win32.vcxproj", "{7B712757-1664-4BFC-92D9-612D80E78F4A}"
EndProject
Project("{FAE04EC0-301F-11D3-BF4B-00C04F79EFBC}") = "UnitTests_BatteryChecker", "UnitTests_BatteryChecker\UnitTests_BatteryChecker.csproj", "{9C4D4D94-7A60-44FA-84AE-47C13E587F32}"
EndProject
Global
	GlobalSection(SolutionConfigurationPlatforms) = preSolution
		Debug|Any CPU = Debug|Any CPU
		Debug|x64 = Debug|x64
		Debug|x86 = Debug|x86
		Release|Any CPU = Release|Any CPU
		Release|x64 = Release|x64
		Release|x86 = Release|x86
	EndGlobalSection
	GlobalSection(ProjectConfigurationPlatforms) = postSolution
		{C73DB43B-CA45-4A4C-B195-A1F415F2AF12}.Debug|Any CPU.ActiveCfg = Debug|Any CPU
		{C73DB43B-CA45-4A4C-B195-A1F415F2AF12}.Debug|Any CPU.Build.0 = Debug|Any CPU
		{C73DB43B-CA45-4A4C-B195-A1F415F2AF12}.Debug|x64.ActiveCfg = Debug|Any CPU
		{C73DB43B-CA45-4A4C-B195-A1F415F2AF12}.Debug|x64.Build.0 = Debug|Any CPU
		{C73DB43B-CA45-4A4C-B195-A1F415F2AF12}.Debug|x86.ActiveCfg = Debug|Any CPU
		{C73DB43B-CA45-4A4C-B195-A1F415F2AF12}.Debug|x86.Build.0 = Debug|Any CPU
		{C73DB43B-CA45-4A4C-B195-A1F415F2AF12}.Release|Any CPU.ActiveCfg = Release|Any CPU
		{C73DB43B-CA45-4A4C-B195-A1F415F2AF12}.Release|Any CPU.Build.0 = Release|Any CPU
		{C73DB43B-CA45-4A4C-B195-A1F415F2AF12}.Release|x64.ActiveCfg = Release|Any CPU
		{C73DB43B-CA45-4A4C-B195-A1F415F2AF12}.Release|x64.Build.0 = Release|Any CPU
		{C73DB43B-CA45-4A4C-B195-A1F415F2AF12}.Release|x86.ActiveCfg = Release|Any CPU
		{C73DB43B-CA45-4A4C-B195-A1F415F2AF12}.Release|x86.Build.0 = Release|Any CPU
		{7B712757-1664-4BFC-92D9-612D80E78F4A}.Debug|Any CPU.ActiveCfg = Debug|Win32
		{7B712757-1664-4BFC-92D9-612D80E78F4A}.Debug|x64.ActiveCfg = Debug|x64
		{7B712757-1664-4BFC-92D9-612D80E78F4A}.Debug|x64.Build.0 = Debug|x64
		{7B712757-1664-4BFC-92D9-612D80E78F4A}.Debug|x86.ActiveCfg = Debug|Win32
		{7B712757-1664-4BFC-92D9-612D80E78F4A}.Debug|x86.Build.0 = Debug|Win32
		{7B712757-1664-4BFC-92D9-612D80E78F4A}.Release|Any CPU.ActiveCfg = Release|Win32
		{7B712757-1664-4BFC-92D9-612D80E78F4A}.Release|x64.ActiveCfg = Release|x64
		{7B712757-1664-4BFC-92D9-612D80E78F4A}.Release|x64.Build.0 = Release|x64
		{7B712757-1664-4BFC-92D9-612D80E78F4A}.Release|x86.ActiveCfg = Release|Win32
		{7B712757-1664-4BFC-92D9-612D80E78F4A}.Release|x86.Build.0 = Release|Win32
		{9C4D4D94-7A60-44FA-84AE-47C13E587F32}.Debug|Any CPU.ActiveCfg = Debug|Any CPU
		{9C4D4D94-7A60-44FA-84AE-47C13E587F32}.Debug|Any CPU.Build.0 = Debug|Any CPU
		{9C4D4D94-7A60-44FA-84AE-47C13E587F32}.Debug|x64.ActiveCfg = Debug|Any CPU
		{9C4D4D94-7A60-44FA-84AE-47C13E587F32}.Debug|x64.Build.0 = Debug|Any CPU
		{9C4D4D94-7A60-44FA-84AE-47C13E587F32}.Debug|x86.ActiveCfg = Debug|Any CPU
		{9C4D4D94-7A60-44FA-84AE-47C13E587F32}.Debug|x86.Build.0 = Debug|Any CPU
		{9C4D4D94-7A60-44FA-84AE-47C13E587F32}.Release|Any CPU.ActiveCfg = Release|Any CPU
		{9C4D4D94-7A60-44FA-84AE-47C13E587F32}.Release|Any CPU.Build.0 = Release|Any CPU
		{9C4D4D94-7A60-44FA-84AE-47C13E587F32}.Release|x64.ActiveCfg = Release|Any CPU
		{9C4D4D94-7A60-44FA-84AE-47C13E587F32}.Release|x64.Build.0 = Release|Any CPU
		{9C4D4D94-7A60-44FA-84AE-47C13E587F32}.Release|x86.ActiveCfg = Release|Any CPU
		{9C4D4D94-7A60-44FA-84AE-47C13E587F32}.Release|x86.Build.0 = Release|Any CPU
	EndGlobalSection
	GlobalSection(SolutionProperties) = preSolution
		HideSolutionNode = FALSE
	EndGlobalSection
	GlobalSection(ExtensibilityGlobals) = postSolution
		SolutionGuid = {42427F21-3422-4191-BF58-75499555D5D1}
	EndGlobalSection
EndGlobal
